// !$*UTF8*$!
{
	archiveVersion = 1;
	classes = {
	};
	objectVersion = 46;
	objects = {

/* Begin PBXBuildFile section */
		5F1C74221A4CA32A00C79613 /* AppDelegate.m in Sources */ = {isa = PBXBuildFile; fileRef = 5F1C74211A4CA32A00C79613 /* AppDelegate.m */; };
		5F1C74241A4CA32A00C79613 /* main.m in Sources */ = {isa = PBXBuildFile; fileRef = 5F1C74231A4CA32A00C79613 /* main.m */; };
		5F1C74261A4CA32A00C79613 /* Images.xcassets in Resources */ = {isa = PBXBuildFile; fileRef = 5F1C74251A4CA32A00C79613 /* Images.xcassets */; };
		5F1C74291A4CA32A00C79613 /* MainMenu.xib in Resources */ = {isa = PBXBuildFile; fileRef = 5F1C74271A4CA32A00C79613 /* MainMenu.xib */; };
		5F3099DE1A6A4715000B8CCC /* EventsController.m in Sources */ = {isa = PBXBuildFile; fileRef = 5F3099DD1A6A4715000B8CCC /* EventsController.m */; };
		5F3099E21A6A4729000B8CCC /* ConfigurationController.m in Sources */ = {isa = PBXBuildFile; fileRef = 5F3099E11A6A4729000B8CCC /* ConfigurationController.m */; };
		5FBE05FD1A698CD90050A3C4 /* Action.m in Sources */ = {isa = PBXBuildFile; fileRef = 5FBE05FC1A698CD90050A3C4 /* Action.m */; };
		5FBE06011A69A6A90050A3C4 /* Event.m in Sources */ = {isa = PBXBuildFile; fileRef = 5FBE06001A69A6A90050A3C4 /* Event.m */; };
		5FE839F71A4D710600D29914 /* Controller-Database.plist in Resources */ = {isa = PBXBuildFile; fileRef = 5FE839F31A4D710600D29914 /* Controller-Database.plist */; };
		5FE83A001A4D712500D29914 /* OpenEmuSystem.framework in Frameworks */ = {isa = PBXBuildFile; fileRef = 5FE839FD1A4D710600D29914 /* OpenEmuSystem.framework */; };
		5FE83A031A4D73BF00D29914 /* MapConfiguration.m in Sources */ = {isa = PBXBuildFile; fileRef = 5FE83A021A4D73BF00D29914 /* MapConfiguration.m */; };
		A560D9017F3840838630DAA5 /* libPods.a in Frameworks */ = {isa = PBXBuildFile; fileRef = F18628EDC109C8B3C9A7EED4 /* libPods.a */; };
/* End PBXBuildFile section */

/* Begin PBXContainerItemProxy section */
		5FE839FA1A4D710600D29914 /* PBXContainerItemProxy */ = {
			isa = PBXContainerItemProxy;
			containerPortal = 5FE839F41A4D710600D29914 /* OpenEmu-SDK.xcodeproj */;
			proxyType = 2;
			remoteGlobalIDString = C6772A261710A4BA00ED580A;
			remoteInfo = OpenEmuBase;
		};
		5FE839FC1A4D710600D29914 /* PBXContainerItemProxy */ = {
			isa = PBXContainerItemProxy;
			containerPortal = 5FE839F41A4D710600D29914 /* OpenEmu-SDK.xcodeproj */;
			proxyType = 2;
			remoteGlobalIDString = C6772A8C1710CD7E00ED580A;
			remoteInfo = OpenEmuSystem;
		};
		5FE839FE1A4D712000D29914 /* PBXContainerItemProxy */ = {
			isa = PBXContainerItemProxy;
			containerPortal = 5FE839F41A4D710600D29914 /* OpenEmu-SDK.xcodeproj */;
			proxyType = 1;
			remoteGlobalIDString = C6772A8B1710CD7E00ED580A;
			remoteInfo = OpenEmuSystem;
		};
/* End PBXContainerItemProxy section */

/* Begin PBXFileReference section */
		46B2F34D95EE1EC752077DD3 /* Pods.debug.xcconfig */ = {isa = PBXFileReference; includeInIndex = 1; lastKnownFileType = text.xcconfig; name = Pods.debug.xcconfig; path = "Pods/Target Support Files/Pods/Pods.debug.xcconfig"; sourceTree = "<group>"; };
		5F1C741B1A4CA32A00C79613 /* Gamepad Utility.app */ = {isa = PBXFileReference; explicitFileType = wrapper.application; includeInIndex = 0; path = "Gamepad Utility.app"; sourceTree = BUILT_PRODUCTS_DIR; };
		5F1C741F1A4CA32A00C79613 /* Info.plist */ = {isa = PBXFileReference; lastKnownFileType = text.plist.xml; path = Info.plist; sourceTree = "<group>"; };
		5F1C74201A4CA32A00C79613 /* AppDelegate.h */ = {isa = PBXFileReference; lastKnownFileType = sourcecode.c.h; path = AppDelegate.h; sourceTree = "<group>"; };
		5F1C74211A4CA32A00C79613 /* AppDelegate.m */ = {isa = PBXFileReference; lastKnownFileType = sourcecode.c.objc; path = AppDelegate.m; sourceTree = "<group>"; };
		5F1C74231A4CA32A00C79613 /* main.m */ = {isa = PBXFileReference; lastKnownFileType = sourcecode.c.objc; path = main.m; sourceTree = "<group>"; };
		5F1C74251A4CA32A00C79613 /* Images.xcassets */ = {isa = PBXFileReference; lastKnownFileType = folder.assetcatalog; path = Images.xcassets; sourceTree = "<group>"; };
		5F1C74281A4CA32A00C79613 /* Base */ = {isa = PBXFileReference; lastKnownFileType = file.xib; name = Base; path = Base.lproj/MainMenu.xib; sourceTree = "<group>"; };
		5F3099DC1A6A4715000B8CCC /* EventsController.h */ = {isa = PBXFileReference; fileEncoding = 4; lastKnownFileType = sourcecode.c.h; path = EventsController.h; sourceTree = "<group>"; };
		5F3099DD1A6A4715000B8CCC /* EventsController.m */ = {isa = PBXFileReference; fileEncoding = 4; lastKnownFileType = sourcecode.c.objc; path = EventsController.m; sourceTree = "<group>"; };
		5F3099E01A6A4729000B8CCC /* ConfigurationController.h */ = {isa = PBXFileReference; fileEncoding = 4; lastKnownFileType = sourcecode.c.h; path = ConfigurationController.h; sourceTree = "<group>"; };
		5F3099E11A6A4729000B8CCC /* ConfigurationController.m */ = {isa = PBXFileReference; fileEncoding = 4; lastKnownFileType = sourcecode.c.objc; path = ConfigurationController.m; sourceTree = "<group>"; };
		5F8E69DB1A6A7949006036D7 /* PrefixHeader.pch */ = {isa = PBXFileReference; lastKnownFileType = sourcecode.c.h; path = PrefixHeader.pch; sourceTree = "<group>"; };
		5FBE05FB1A698CD90050A3C4 /* Action.h */ = {isa = PBXFileReference; fileEncoding = 4; lastKnownFileType = sourcecode.c.h; path = Action.h; sourceTree = "<group>"; };
		5FBE05FC1A698CD90050A3C4 /* Action.m */ = {isa = PBXFileReference; fileEncoding = 4; lastKnownFileType = sourcecode.c.objc; path = Action.m; sourceTree = "<group>"; };
		5FBE05FF1A69A6A90050A3C4 /* Event.h */ = {isa = PBXFileReference; fileEncoding = 4; lastKnownFileType = sourcecode.c.h; path = Event.h; sourceTree = "<group>"; };
		5FBE06001A69A6A90050A3C4 /* Event.m */ = {isa = PBXFileReference; fileEncoding = 4; lastKnownFileType = sourcecode.c.objc; path = Event.m; sourceTree = "<group>"; };
		5FE839F31A4D710600D29914 /* Controller-Database.plist */ = {isa = PBXFileReference; fileEncoding = 4; lastKnownFileType = text.plist.xml; path = "Controller-Database.plist"; sourceTree = "<group>"; };
		5FE839F41A4D710600D29914 /* OpenEmu-SDK.xcodeproj */ = {isa = PBXFileReference; lastKnownFileType = "wrapper.pb-project"; path = "OpenEmu-SDK.xcodeproj"; sourceTree = "<group>"; };
		5FE83A011A4D73BF00D29914 /* MapConfiguration.h */ = {isa = PBXFileReference; fileEncoding = 4; lastKnownFileType = sourcecode.c.h; path = MapConfiguration.h; sourceTree = "<group>"; };
		5FE83A021A4D73BF00D29914 /* MapConfiguration.m */ = {isa = PBXFileReference; fileEncoding = 4; lastKnownFileType = sourcecode.c.objc; path = MapConfiguration.m; sourceTree = "<group>"; };
		5FE83A041A4D8A1300D29914 /* Vectors.h */ = {isa = PBXFileReference; lastKnownFileType = sourcecode.c.h; path = Vectors.h; sourceTree = "<group>"; };
		801342B9208EEE2AD775A452 /* Pods.release.xcconfig */ = {isa = PBXFileReference; includeInIndex = 1; lastKnownFileType = text.xcconfig; name = Pods.release.xcconfig; path = "Pods/Target Support Files/Pods/Pods.release.xcconfig"; sourceTree = "<group>"; };
		F18628EDC109C8B3C9A7EED4 /* libPods.a */ = {isa = PBXFileReference; explicitFileType = archive.ar; includeInIndex = 0; path = libPods.a; sourceTree = BUILT_PRODUCTS_DIR; };
/* End PBXFileReference section */

/* Begin PBXFrameworksBuildPhase section */
		5F1C74181A4CA32A00C79613 /* Frameworks */ = {
			isa = PBXFrameworksBuildPhase;
			buildActionMask = 2147483647;
			files = (
				5FE83A001A4D712500D29914 /* OpenEmuSystem.framework in Frameworks */,
				A560D9017F3840838630DAA5 /* libPods.a in Frameworks */,
			);
			runOnlyForDeploymentPostprocessing = 0;
		};
/* End PBXFrameworksBuildPhase section */

/* Begin PBXGroup section */
		29230698CA2D687089E26DBF /* Frameworks */ = {
			isa = PBXGroup;
			children = (
				F18628EDC109C8B3C9A7EED4 /* libPods.a */,
			);
			name = Frameworks;
			sourceTree = "<group>";
		};
		2EAEF4AE86B992A93ADB5C3F /* Pods */ = {
			isa = PBXGroup;
			children = (
				46B2F34D95EE1EC752077DD3 /* Pods.debug.xcconfig */,
				801342B9208EEE2AD775A452 /* Pods.release.xcconfig */,
			);
			name = Pods;
			sourceTree = "<group>";
		};
		5F1C74121A4CA32A00C79613 = {
			isa = PBXGroup;
			children = (
				5F1C741D1A4CA32A00C79613 /* Gamepad Utility */,
				5F1C741C1A4CA32A00C79613 /* Products */,
				2EAEF4AE86B992A93ADB5C3F /* Pods */,
				29230698CA2D687089E26DBF /* Frameworks */,
			);
			sourceTree = "<group>";
		};
		5F1C741C1A4CA32A00C79613 /* Products */ = {
			isa = PBXGroup;
			children = (
				5F1C741B1A4CA32A00C79613 /* Gamepad Utility.app */,
			);
			name = Products;
			sourceTree = "<group>";
		};
		5F1C741D1A4CA32A00C79613 /* Gamepad Utility */ = {
			isa = PBXGroup;
			children = (
				5FE839F21A4D70FB00D29914 /* OpenEmu SDK */,
				5F1C74201A4CA32A00C79613 /* AppDelegate.h */,
				5F1C74211A4CA32A00C79613 /* AppDelegate.m */,
				5F3099DC1A6A4715000B8CCC /* EventsController.h */,
				5F3099DD1A6A4715000B8CCC /* EventsController.m */,
				5F3099E01A6A4729000B8CCC /* ConfigurationController.h */,
				5F3099E11A6A4729000B8CCC /* ConfigurationController.m */,
				5FE83A011A4D73BF00D29914 /* MapConfiguration.h */,
				5FE83A021A4D73BF00D29914 /* MapConfiguration.m */,
				5FBE05FB1A698CD90050A3C4 /* Action.h */,
				5FBE05FC1A698CD90050A3C4 /* Action.m */,
				5FBE05FF1A69A6A90050A3C4 /* Event.h */,
				5FBE06001A69A6A90050A3C4 /* Event.m */,
				5FE83A041A4D8A1300D29914 /* Vectors.h */,
				5F1C74251A4CA32A00C79613 /* Images.xcassets */,
				5F1C74271A4CA32A00C79613 /* MainMenu.xib */,
				5F1C741E1A4CA32A00C79613 /* Supporting Files */,
			);
			path = "Gamepad Utility";
			sourceTree = "<group>";
		};
		5F1C741E1A4CA32A00C79613 /* Supporting Files */ = {
			isa = PBXGroup;
			children = (
				5F1C741F1A4CA32A00C79613 /* Info.plist */,
				5F1C74231A4CA32A00C79613 /* main.m */,
				5F8E69DB1A6A7949006036D7 /* PrefixHeader.pch */,
			);
			name = "Supporting Files";
			sourceTree = "<group>";
		};
		5FE839F21A4D70FB00D29914 /* OpenEmu SDK */ = {
			isa = PBXGroup;
			children = (
				5FE839F41A4D710600D29914 /* OpenEmu-SDK.xcodeproj */,
				5FE839F31A4D710600D29914 /* Controller-Database.plist */,
			);
			name = "OpenEmu SDK";
			sourceTree = "<group>";
		};
		5FE839F51A4D710600D29914 /* Products */ = {
			isa = PBXGroup;
			children = (
				5FE839FB1A4D710600D29914 /* OpenEmuBase.framework */,
				5FE839FD1A4D710600D29914 /* OpenEmuSystem.framework */,
			);
			name = Products;
			sourceTree = "<group>";
		};
/* End PBXGroup section */

/* Begin PBXNativeTarget section */
		5F1C741A1A4CA32A00C79613 /* Gamepad Utility */ = {
			isa = PBXNativeTarget;
			buildConfigurationList = 5F1C74381A4CA32B00C79613 /* Build configuration list for PBXNativeTarget "Gamepad Utility" */;
			buildPhases = (
				FD58847AA76176804633ED6B /* Check Pods Manifest.lock */,
				5F1C74171A4CA32A00C79613 /* Sources */,
				5F1C74181A4CA32A00C79613 /* Frameworks */,
				5F1C74191A4CA32A00C79613 /* Resources */,
				C1F4558E66FE09A79979887C /* Copy Pods Resources */,
			);
			buildRules = (
			);
			dependencies = (
				5FE839FF1A4D712000D29914 /* PBXTargetDependency */,
			);
			name = "Gamepad Utility";
			productName = "DS4 Tool";
			productReference = 5F1C741B1A4CA32A00C79613 /* Gamepad Utility.app */;
			productType = "com.apple.product-type.application";
		};
/* End PBXNativeTarget section */

/* Begin PBXProject section */
		5F1C74131A4CA32A00C79613 /* Project object */ = {
			isa = PBXProject;
			attributes = {
				LastUpgradeCheck = 0610;
				ORGANIZATIONNAME = P0ed;
				TargetAttributes = {
					5F1C741A1A4CA32A00C79613 = {
						CreatedOnToolsVersion = 6.1.1;
					};
				};
			};
			buildConfigurationList = 5F1C74161A4CA32A00C79613 /* Build configuration list for PBXProject "Gamepad Utility" */;
			compatibilityVersion = "Xcode 3.2";
			developmentRegion = English;
			hasScannedForEncodings = 0;
			knownRegions = (
				en,
				Base,
			);
			mainGroup = 5F1C74121A4CA32A00C79613;
			productRefGroup = 5F1C741C1A4CA32A00C79613 /* Products */;
			projectDirPath = "";
			projectReferences = (
				{
					ProductGroup = 5FE839F51A4D710600D29914 /* Products */;
					ProjectRef = 5FE839F41A4D710600D29914 /* OpenEmu-SDK.xcodeproj */;
				},
			);
			projectRoot = "";
			targets = (
				5F1C741A1A4CA32A00C79613 /* Gamepad Utility */,
			);
		};
/* End PBXProject section */

/* Begin PBXReferenceProxy section */
		5FE839FB1A4D710600D29914 /* OpenEmuBase.framework */ = {
			isa = PBXReferenceProxy;
			fileType = wrapper.framework;
			path = OpenEmuBase.framework;
			remoteRef = 5FE839FA1A4D710600D29914 /* PBXContainerItemProxy */;
			sourceTree = BUILT_PRODUCTS_DIR;
		};
		5FE839FD1A4D710600D29914 /* OpenEmuSystem.framework */ = {
			isa = PBXReferenceProxy;
			fileType = wrapper.framework;
			path = OpenEmuSystem.framework;
			remoteRef = 5FE839FC1A4D710600D29914 /* PBXContainerItemProxy */;
			sourceTree = BUILT_PRODUCTS_DIR;
		};
/* End PBXReferenceProxy section */

/* Begin PBXResourcesBuildPhase section */
		5F1C74191A4CA32A00C79613 /* Resources */ = {
			isa = PBXResourcesBuildPhase;
			buildActionMask = 2147483647;
			files = (
				5F1C74261A4CA32A00C79613 /* Images.xcassets in Resources */,
				5F1C74291A4CA32A00C79613 /* MainMenu.xib in Resources */,
				5FE839F71A4D710600D29914 /* Controller-Database.plist in Resources */,
			);
			runOnlyForDeploymentPostprocessing = 0;
		};
/* End PBXResourcesBuildPhase section */

/* Begin PBXShellScriptBuildPhase section */
		C1F4558E66FE09A79979887C /* Copy Pods Resources */ = {
			isa = PBXShellScriptBuildPhase;
			buildActionMask = 2147483647;
			files = (
			);
			inputPaths = (
			);
			name = "Copy Pods Resources";
			outputPaths = (
			);
			runOnlyForDeploymentPostprocessing = 0;
			shellPath = /bin/sh;
			shellScript = "\"${SRCROOT}/Pods/Target Support Files/Pods/Pods-resources.sh\"\n";
			showEnvVarsInLog = 0;
		};
		FD58847AA76176804633ED6B /* Check Pods Manifest.lock */ = {
			isa = PBXShellScriptBuildPhase;
			buildActionMask = 2147483647;
			files = (
			);
			inputPaths = (
			);
			name = "Check Pods Manifest.lock";
			outputPaths = (
			);
			runOnlyForDeploymentPostprocessing = 0;
			shellPath = /bin/sh;
			shellScript = "diff \"${PODS_ROOT}/../Podfile.lock\" \"${PODS_ROOT}/Manifest.lock\" > /dev/null\nif [[ $? != 0 ]] ; then\n    cat << EOM\nerror: The sandbox is not in sync with the Podfile.lock. Run 'pod install' or update your CocoaPods installation.\nEOM\n    exit 1\nfi\n";
			showEnvVarsInLog = 0;
		};
/* End PBXShellScriptBuildPhase section */

/* Begin PBXSourcesBuildPhase section */
		5F1C74171A4CA32A00C79613 /* Sources */ = {
			isa = PBXSourcesBuildPhase;
			buildActionMask = 2147483647;
			files = (
				5FBE06011A69A6A90050A3C4 /* Event.m in Sources */,
				5FE83A031A4D73BF00D29914 /* MapConfiguration.m in Sources */,
				5F3099DE1A6A4715000B8CCC /* EventsController.m in Sources */,
				5F1C74241A4CA32A00C79613 /* main.m in Sources */,
				5FBE05FD1A698CD90050A3C4 /* Action.m in Sources */,
				5F1C74221A4CA32A00C79613 /* AppDelegate.m in Sources */,
				5F3099E21A6A4729000B8CCC /* ConfigurationController.m in Sources */,
			);
			runOnlyForDeploymentPostprocessing = 0;
		};
/* End PBXSourcesBuildPhase section */

/* Begin PBXTargetDependency section */
		5FE839FF1A4D712000D29914 /* PBXTargetDependency */ = {
			isa = PBXTargetDependency;
			name = OpenEmuSystem;
			targetProxy = 5FE839FE1A4D712000D29914 /* PBXContainerItemProxy */;
		};
/* End PBXTargetDependency section */

/* Begin PBXVariantGroup section */
		5F1C74271A4CA32A00C79613 /* MainMenu.xib */ = {
			isa = PBXVariantGroup;
			children = (
				5F1C74281A4CA32A00C79613 /* Base */,
			);
			name = MainMenu.xib;
			sourceTree = "<group>";
		};
/* End PBXVariantGroup section */

/* Begin XCBuildConfiguration section */
		5F1C74361A4CA32B00C79613 /* Debug */ = {
			isa = XCBuildConfiguration;
			buildSettings = {
				ALWAYS_SEARCH_USER_PATHS = NO;
				CLANG_CXX_LANGUAGE_STANDARD = "gnu++0x";
				CLANG_CXX_LIBRARY = "libc++";
				CLANG_ENABLE_MODULES = YES;
				CLANG_ENABLE_OBJC_ARC = YES;
				CLANG_WARN_BOOL_CONVERSION = YES;
				CLANG_WARN_CONSTANT_CONVERSION = YES;
				CLANG_WARN_DIRECT_OBJC_ISA_USAGE = YES_ERROR;
				CLANG_WARN_EMPTY_BODY = YES;
				CLANG_WARN_ENUM_CONVERSION = YES;
				CLANG_WARN_INT_CONVERSION = YES;
				CLANG_WARN_OBJC_ROOT_CLASS = YES_ERROR;
				CLANG_WARN_UNREACHABLE_CODE = YES;
				CLANG_WARN__DUPLICATE_METHOD_MATCH = YES;
				CODE_SIGN_IDENTITY = "-";
				COPY_PHASE_STRIP = NO;
				ENABLE_STRICT_OBJC_MSGSEND = YES;
				GCC_C_LANGUAGE_STANDARD = gnu99;
				GCC_DYNAMIC_NO_PIC = NO;
				GCC_OPTIMIZATION_LEVEL = 0;
				GCC_PREPROCESSOR_DEFINITIONS = (
					"DEBUG=1",
					"$(inherited)",
				);
				GCC_SYMBOLS_PRIVATE_EXTERN = NO;
				GCC_WARN_64_TO_32_BIT_CONVERSION = YES;
				GCC_WARN_ABOUT_RETURN_TYPE = YES_ERROR;
				GCC_WARN_UNDECLARED_SELECTOR = YES;
				GCC_WARN_UNINITIALIZED_AUTOS = YES_AGGRESSIVE;
				GCC_WARN_UNUSED_FUNCTION = YES;
				GCC_WARN_UNUSED_VARIABLE = YES;
				MACOSX_DEPLOYMENT_TARGET = 10.10;
				MTL_ENABLE_DEBUG_INFO = YES;
				ONLY_ACTIVE_ARCH = YES;
				SDKROOT = macosx;
			};
			name = Debug;
		};
		5F1C74371A4CA32B00C79613 /* Release */ = {
			isa = XCBuildConfiguration;
			buildSettings = {
				ALWAYS_SEARCH_USER_PATHS = NO;
				CLANG_CXX_LANGUAGE_STANDARD = "gnu++0x";
				CLANG_CXX_LIBRARY = "libc++";
				CLANG_ENABLE_MODULES = YES;
				CLANG_ENABLE_OBJC_ARC = YES;
				CLANG_WARN_BOOL_CONVERSION = YES;
				CLANG_WARN_CONSTANT_CONVERSION = YES;
				CLANG_WARN_DIRECT_OBJC_ISA_USAGE = YES_ERROR;
				CLANG_WARN_EMPTY_BODY = YES;
				CLANG_WARN_ENUM_CONVERSION = YES;
				CLANG_WARN_INT_CONVERSION = YES;
				CLANG_WARN_OBJC_ROOT_CLASS = YES_ERROR;
				CLANG_WARN_UNREACHABLE_CODE = YES;
				CLANG_WARN__DUPLICATE_METHOD_MATCH = YES;
				CODE_SIGN_IDENTITY = "-";
				COPY_PHASE_STRIP = YES;
				DEBUG_INFORMATION_FORMAT = "dwarf-with-dsym";
				ENABLE_NS_ASSERTIONS = NO;
				ENABLE_STRICT_OBJC_MSGSEND = YES;
				GCC_C_LANGUAGE_STANDARD = gnu99;
				GCC_WARN_64_TO_32_BIT_CONVERSION = YES;
				GCC_WARN_ABOUT_RETURN_TYPE = YES_ERROR;
				GCC_WARN_UNDECLARED_SELECTOR = YES;
				GCC_WARN_UNINITIALIZED_AUTOS = YES_AGGRESSIVE;
				GCC_WARN_UNUSED_FUNCTION = YES;
				GCC_WARN_UNUSED_VARIABLE = YES;
				MACOSX_DEPLOYMENT_TARGET = 10.10;
				MTL_ENABLE_DEBUG_INFO = NO;
				SDKROOT = macosx;
			};
			name = Release;
		};
		5F1C74391A4CA32B00C79613 /* Debug */ = {
			isa = XCBuildConfiguration;
			baseConfigurationReference = 46B2F34D95EE1EC752077DD3 /* Pods.debug.xcconfig */;
			buildSettings = {
				ASSETCATALOG_COMPILER_APPICON_NAME = AppIcon;
				COMBINE_HIDPI_IMAGES = YES;
				GCC_PREFIX_HEADER = "Gamepad Utility/PrefixHeader.pch";
				HEADER_SEARCH_PATHS = (
					"$(inherited)",
					/Applications/Xcode.app/Contents/Developer/Toolchains/XcodeDefault.xctoolchain/usr/include,
					"$(PROJECT_DIR)/**",
				);
				INFOPLIST_FILE = "Gamepad Utility/Info.plist";
				LD_RUNPATH_SEARCH_PATHS = "$(inherited) @executable_path/../Frameworks";
				OTHER_CODE_SIGN_FLAGS = "--deep";
				PRODUCT_NAME = "$(TARGET_NAME)";
			};
			name = Debug;
		};
		5F1C743A1A4CA32B00C79613 /* Release */ = {
			isa = XCBuildConfiguration;
			baseConfigurationReference = 801342B9208EEE2AD775A452 /* Pods.release.xcconfig */;
			buildSettings = {
				ASSETCATALOG_COMPILER_APPICON_NAME = AppIcon;
				COMBINE_HIDPI_IMAGES = YES;
				GCC_PREFIX_HEADER = "Gamepad Utility/PrefixHeader.pch";
				HEADER_SEARCH_PATHS = (
					"$(inherited)",
					/Applications/Xcode.app/Contents/Developer/Toolchains/XcodeDefault.xctoolchain/usr/include,
					"$(PROJECT_DIR)/**",
				);
				INFOPLIST_FILE = "Gamepad Utility/Info.plist";
				LD_RUNPATH_SEARCH_PATHS = "$(inherited) @executable_path/../Frameworks";
				OTHER_CODE_SIGN_FLAGS = "--deep";
				PRODUCT_NAME = "$(TARGET_NAME)";
			};
			name = Release;
		};
/* End XCBuildConfiguration section */

/* Begin XCConfigurationList section */
		5F1C74161A4CA32A00C79613 /* Build configuration list for PBXProject "Gamepad Utility" */ = {
			isa = XCConfigurationList;
			buildConfigurations = (
				5F1C74361A4CA32B00C79613 /* Debug */,
				5F1C74371A4CA32B00C79613 /* Release */,
			);
			defaultConfigurationIsVisible = 0;
			defaultConfigurationName = Release;
		};
		5F1C74381A4CA32B00C79613 /* Build configuration list for PBXNativeTarget "Gamepad Utility" */ = {
			isa = XCConfigurationList;
			buildConfigurations = (
				5F1C74391A4CA32B00C79613 /* Debug */,
				5F1C743A1A4CA32B00C79613 /* Release */,
			);
			defaultConfigurationIsVisible = 0;
			defaultConfigurationName = Release;
		};
/* End XCConfigurationList section */
	};
	rootObject = 5F1C74131A4CA32A00C79613 /* Project object */;
}
