// !$*UTF8*$!
{
	archiveVersion = 1;
	classes = {
	};
	objectVersion = 46;
	objects = {

/* Begin PBXBuildFile section */
		5F1C74221A4CA32A00C79613 /* AppDelegate.m in Sources */ = {isa = PBXBuildFile; fileRef = 5F1C74211A4CA32A00C79613 /* AppDelegate.m */; };
		5F1C74241A4CA32A00C79613 /* main.m in Sources */ = {isa = PBXBuildFile; fileRef = 5F1C74231A4CA32A00C79613 /* main.m */; };
		5F1C74261A4CA32A00C79613 /* Images.xcassets in Resources */ = {isa = PBXBuildFile; fileRef = 5F1C74251A4CA32A00C79613 /* Images.xcassets */; };
		5F1C74291A4CA32A00C79613 /* MainMenu.xib in Resources */ = {isa = PBXBuildFile; fileRef = 5F1C74271A4CA32A00C79613 /* MainMenu.xib */; };
		5F1C74351A4CA32B00C79613 /* DS4_ToolTests.m in Sources */ = {isa = PBXBuildFile; fileRef = 5F1C74341A4CA32B00C79613 /* DS4_ToolTests.m */; };
/* End PBXBuildFile section */

/* Begin PBXContainerItemProxy section */
		5F1C742F1A4CA32B00C79613 /* PBXContainerItemProxy */ = {
			isa = PBXContainerItemProxy;
			containerPortal = 5F1C74131A4CA32A00C79613 /* Project object */;
			proxyType = 1;
			remoteGlobalIDString = 5F1C741A1A4CA32A00C79613;
			remoteInfo = "DS4 Tool";
		};
/* End PBXContainerItemProxy section */

/* Begin PBXFileReference section */
		5F1C741B1A4CA32A00C79613 /* DS4 Tool.app */ = {isa = PBXFileReference; explicitFileType = wrapper.application; includeInIndex = 0; path = "DS4 Tool.app"; sourceTree = BUILT_PRODUCTS_DIR; };
		5F1C741F1A4CA32A00C79613 /* Info.plist */ = {isa = PBXFileReference; lastKnownFileType = text.plist.xml; path = Info.plist; sourceTree = "<group>"; };
		5F1C74201A4CA32A00C79613 /* AppDelegate.h */ = {isa = PBXFileReference; lastKnownFileType = sourcecode.c.h; path = AppDelegate.h; sourceTree = "<group>"; };
		5F1C74211A4CA32A00C79613 /* AppDelegate.m */ = {isa = PBXFileReference; lastKnownFileType = sourcecode.c.objc; path = AppDelegate.m; sourceTree = "<group>"; };
		5F1C74231A4CA32A00C79613 /* main.m */ = {isa = PBXFileReference; lastKnownFileType = sourcecode.c.objc; path = main.m; sourceTree = "<group>"; };
		5F1C74251A4CA32A00C79613 /* Images.xcassets */ = {isa = PBXFileReference; lastKnownFileType = folder.assetcatalog; path = Images.xcassets; sourceTree = "<group>"; };
		5F1C74281A4CA32A00C79613 /* Base */ = {isa = PBXFileReference; lastKnownFileType = file.xib; name = Base; path = Base.lproj/MainMenu.xib; sourceTree = "<group>"; };
		5F1C742E1A4CA32B00C79613 /* DS4 ToolTests.xctest */ = {isa = PBXFileReference; explicitFileType = wrapper.cfbundle; includeInIndex = 0; path = "DS4 ToolTests.xctest"; sourceTree = BUILT_PRODUCTS_DIR; };
		5F1C74331A4CA32B00C79613 /* Info.plist */ = {isa = PBXFileReference; lastKnownFileType = text.plist.xml; path = Info.plist; sourceTree = "<group>"; };
		5F1C74341A4CA32B00C79613 /* DS4_ToolTests.m */ = {isa = PBXFileReference; lastKnownFileType = sourcecode.c.objc; path = DS4_ToolTests.m; sourceTree = "<group>"; };
/* End PBXFileReference section */

/* Begin PBXFrameworksBuildPhase section */
		5F1C74181A4CA32A00C79613 /* Frameworks */ = {
			isa = PBXFrameworksBuildPhase;
			buildActionMask = 2147483647;
			files = (
			);
			runOnlyForDeploymentPostprocessing = 0;
		};
		5F1C742B1A4CA32B00C79613 /* Frameworks */ = {
			isa = PBXFrameworksBuildPhase;
			buildActionMask = 2147483647;
			files = (
			);
			runOnlyForDeploymentPostprocessing = 0;
		};
/* End PBXFrameworksBuildPhase section */

/* Begin PBXGroup section */
		5F1C74121A4CA32A00C79613 = {
			isa = PBXGroup;
			children = (
				5F1C741D1A4CA32A00C79613 /* DS4 Tool */,
				5F1C74311A4CA32B00C79613 /* DS4 ToolTests */,
				5F1C741C1A4CA32A00C79613 /* Products */,
			);
			sourceTree = "<group>";
		};
		5F1C741C1A4CA32A00C79613 /* Products */ = {
			isa = PBXGroup;
			children = (
				5F1C741B1A4CA32A00C79613 /* DS4 Tool.app */,
				5F1C742E1A4CA32B00C79613 /* DS4 ToolTests.xctest */,
			);
			name = Products;
			sourceTree = "<group>";
		};
		5F1C741D1A4CA32A00C79613 /* DS4 Tool */ = {
			isa = PBXGroup;
			children = (
				5F1C74201A4CA32A00C79613 /* AppDelegate.h */,
				5F1C74211A4CA32A00C79613 /* AppDelegate.m */,
				5F1C74251A4CA32A00C79613 /* Images.xcassets */,
				5F1C74271A4CA32A00C79613 /* MainMenu.xib */,
				5F1C741E1A4CA32A00C79613 /* Supporting Files */,
			);
			path = "DS4 Tool";
			sourceTree = "<group>";
		};
		5F1C741E1A4CA32A00C79613 /* Supporting Files */ = {
			isa = PBXGroup;
			children = (
				5F1C741F1A4CA32A00C79613 /* Info.plist */,
				5F1C74231A4CA32A00C79613 /* main.m */,
			);
			name = "Supporting Files";
			sourceTree = "<group>";
		};
		5F1C74311A4CA32B00C79613 /* DS4 ToolTests */ = {
			isa = PBXGroup;
			children = (
				5F1C74341A4CA32B00C79613 /* DS4_ToolTests.m */,
				5F1C74321A4CA32B00C79613 /* Supporting Files */,
			);
			path = "DS4 ToolTests";
			sourceTree = "<group>";
		};
		5F1C74321A4CA32B00C79613 /* Supporting Files */ = {
			isa = PBXGroup;
			children = (
				5F1C74331A4CA32B00C79613 /* Info.plist */,
			);
			name = "Supporting Files";
			sourceTree = "<group>";
		};
/* End PBXGroup section */

/* Begin PBXNativeTarget section */
		5F1C741A1A4CA32A00C79613 /* DS4 Tool */ = {
			isa = PBXNativeTarget;
			buildConfigurationList = 5F1C74381A4CA32B00C79613 /* Build configuration list for PBXNativeTarget "DS4 Tool" */;
			buildPhases = (
				5F1C74171A4CA32A00C79613 /* Sources */,
				5F1C74181A4CA32A00C79613 /* Frameworks */,
				5F1C74191A4CA32A00C79613 /* Resources */,
			);
			buildRules = (
			);
			dependencies = (
			);
			name = "DS4 Tool";
			productName = "DS4 Tool";
			productReference = 5F1C741B1A4CA32A00C79613 /* DS4 Tool.app */;
			productType = "com.apple.product-type.application";
		};
		5F1C742D1A4CA32B00C79613 /* DS4 ToolTests */ = {
			isa = PBXNativeTarget;
			buildConfigurationList = 5F1C743B1A4CA32B00C79613 /* Build configuration list for PBXNativeTarget "DS4 ToolTests" */;
			buildPhases = (
				5F1C742A1A4CA32B00C79613 /* Sources */,
				5F1C742B1A4CA32B00C79613 /* Frameworks */,
				5F1C742C1A4CA32B00C79613 /* Resources */,
			);
			buildRules = (
			);
			dependencies = (
				5F1C74301A4CA32B00C79613 /* PBXTargetDependency */,
			);
			name = "DS4 ToolTests";
			productName = "DS4 ToolTests";
			productReference = 5F1C742E1A4CA32B00C79613 /* DS4 ToolTests.xctest */;
			productType = "com.apple.product-type.bundle.unit-test";
		};
/* End PBXNativeTarget section */

/* Begin PBXProject section */
		5F1C74131A4CA32A00C79613 /* Project object */ = {
			isa = PBXProject;
			attributes = {
				LastUpgradeCheck = 0610;
				ORGANIZATIONNAME = P0ed;
				TargetAttributes = {
					5F1C741A1A4CA32A00C79613 = {
						CreatedOnToolsVersion = 6.1.1;
					};
					5F1C742D1A4CA32B00C79613 = {
						CreatedOnToolsVersion = 6.1.1;
						TestTargetID = 5F1C741A1A4CA32A00C79613;
					};
				};
			};
			buildConfigurationList = 5F1C74161A4CA32A00C79613 /* Build configuration list for PBXProject "DS4 Tool" */;
			compatibilityVersion = "Xcode 3.2";
			developmentRegion = English;
			hasScannedForEncodings = 0;
			knownRegions = (
				en,
				Base,
			);
			mainGroup = 5F1C74121A4CA32A00C79613;
			productRefGroup = 5F1C741C1A4CA32A00C79613 /* Products */;
			projectDirPath = "";
			projectRoot = "";
			targets = (
				5F1C741A1A4CA32A00C79613 /* DS4 Tool */,
				5F1C742D1A4CA32B00C79613 /* DS4 ToolTests */,
			);
		};
/* End PBXProject section */

/* Begin PBXResourcesBuildPhase section */
		5F1C74191A4CA32A00C79613 /* Resources */ = {
			isa = PBXResourcesBuildPhase;
			buildActionMask = 2147483647;
			files = (
				5F1C74261A4CA32A00C79613 /* Images.xcassets in Resources */,
				5F1C74291A4CA32A00C79613 /* MainMenu.xib in Resources */,
			);
			runOnlyForDeploymentPostprocessing = 0;
		};
		5F1C742C1A4CA32B00C79613 /* Resources */ = {
			isa = PBXResourcesBuildPhase;
			buildActionMask = 2147483647;
			files = (
			);
			runOnlyForDeploymentPostprocessing = 0;
		};
/* End PBXResourcesBuildPhase section */

/* Begin PBXSourcesBuildPhase section */
		5F1C74171A4CA32A00C79613 /* Sources */ = {
			isa = PBXSourcesBuildPhase;
			buildActionMask = 2147483647;
			files = (
				5F1C74241A4CA32A00C79613 /* main.m in Sources */,
				5F1C74221A4CA32A00C79613 /* AppDelegate.m in Sources */,
			);
			runOnlyForDeploymentPostprocessing = 0;
		};
		5F1C742A1A4CA32B00C79613 /* Sources */ = {
			isa = PBXSourcesBuildPhase;
			buildActionMask = 2147483647;
			files = (
				5F1C74351A4CA32B00C79613 /* DS4_ToolTests.m in Sources */,
			);
			runOnlyForDeploymentPostprocessing = 0;
		};
/* End PBXSourcesBuildPhase section */

/* Begin PBXTargetDependency section */
		5F1C74301A4CA32B00C79613 /* PBXTargetDependency */ = {
			isa = PBXTargetDependency;
			target = 5F1C741A1A4CA32A00C79613 /* DS4 Tool */;
			targetProxy = 5F1C742F1A4CA32B00C79613 /* PBXContainerItemProxy */;
		};
/* End PBXTargetDependency section */

/* Begin PBXVariantGroup section */
		5F1C74271A4CA32A00C79613 /* MainMenu.xib */ = {
			isa = PBXVariantGroup;
			children = (
				5F1C74281A4CA32A00C79613 /* Base */,
			);
			name = MainMenu.xib;
			sourceTree = "<group>";
		};
/* End PBXVariantGroup section */

/* Begin XCBuildConfiguration section */
		5F1C74361A4CA32B00C79613 /* Debug */ = {
			isa = XCBuildConfiguration;
			buildSettings = {
				ALWAYS_SEARCH_USER_PATHS = NO;
				CLANG_CXX_LANGUAGE_STANDARD = "gnu++0x";
				CLANG_CXX_LIBRARY = "libc++";
				CLANG_ENABLE_MODULES = YES;
				CLANG_ENABLE_OBJC_ARC = YES;
				CLANG_WARN_BOOL_CONVERSION = YES;
				CLANG_WARN_CONSTANT_CONVERSION = YES;
				CLANG_WARN_DIRECT_OBJC_ISA_USAGE = YES_ERROR;
				CLANG_WARN_EMPTY_BODY = YES;
				CLANG_WARN_ENUM_CONVERSION = YES;
				CLANG_WARN_INT_CONVERSION = YES;
				CLANG_WARN_OBJC_ROOT_CLASS = YES_ERROR;
				CLANG_WARN_UNREACHABLE_CODE = YES;
				CLANG_WARN__DUPLICATE_METHOD_MATCH = YES;
				CODE_SIGN_IDENTITY = "-";
				COPY_PHASE_STRIP = NO;
				ENABLE_STRICT_OBJC_MSGSEND = YES;
				GCC_C_LANGUAGE_STANDARD = gnu99;
				GCC_DYNAMIC_NO_PIC = NO;
				GCC_OPTIMIZATION_LEVEL = 0;
				GCC_PREPROCESSOR_DEFINITIONS = (
					"DEBUG=1",
					"$(inherited)",
				);
				GCC_SYMBOLS_PRIVATE_EXTERN = NO;
				GCC_WARN_64_TO_32_BIT_CONVERSION = YES;
				GCC_WARN_ABOUT_RETURN_TYPE = YES_ERROR;
				GCC_WARN_UNDECLARED_SELECTOR = YES;
				GCC_WARN_UNINITIALIZED_AUTOS = YES_AGGRESSIVE;
				GCC_WARN_UNUSED_FUNCTION = YES;
				GCC_WARN_UNUSED_VARIABLE = YES;
				MACOSX_DEPLOYMENT_TARGET = 10.10;
				MTL_ENABLE_DEBUG_INFO = YES;
				ONLY_ACTIVE_ARCH = YES;
				SDKROOT = macosx;
			};
			name = Debug;
		};
		5F1C74371A4CA32B00C79613 /* Release */ = {
			isa = XCBuildConfiguration;
			buildSettings = {
				ALWAYS_SEARCH_USER_PATHS = NO;
				CLANG_CXX_LANGUAGE_STANDARD = "gnu++0x";
				CLANG_CXX_LIBRARY = "libc++";
				CLANG_ENABLE_MODULES = YES;
				CLANG_ENABLE_OBJC_ARC = YES;
				CLANG_WARN_BOOL_CONVERSION = YES;
				CLANG_WARN_CONSTANT_CONVERSION = YES;
				CLANG_WARN_DIRECT_OBJC_ISA_USAGE = YES_ERROR;
				CLANG_WARN_EMPTY_BODY = YES;
				CLANG_WARN_ENUM_CONVERSION = YES;
				CLANG_WARN_INT_CONVERSION = YES;
				CLANG_WARN_OBJC_ROOT_CLASS = YES_ERROR;
				CLANG_WARN_UNREACHABLE_CODE = YES;
				CLANG_WARN__DUPLICATE_METHOD_MATCH = YES;
				CODE_SIGN_IDENTITY = "-";
				COPY_PHASE_STRIP = YES;
				DEBUG_INFORMATION_FORMAT = "dwarf-with-dsym";
				ENABLE_NS_ASSERTIONS = NO;
				ENABLE_STRICT_OBJC_MSGSEND = YES;
				GCC_C_LANGUAGE_STANDARD = gnu99;
				GCC_WARN_64_TO_32_BIT_CONVERSION = YES;
				GCC_WARN_ABOUT_RETURN_TYPE = YES_ERROR;
				GCC_WARN_UNDECLARED_SELECTOR = YES;
				GCC_WARN_UNINITIALIZED_AUTOS = YES_AGGRESSIVE;
				GCC_WARN_UNUSED_FUNCTION = YES;
				GCC_WARN_UNUSED_VARIABLE = YES;
				MACOSX_DEPLOYMENT_TARGET = 10.10;
				MTL_ENABLE_DEBUG_INFO = NO;
				SDKROOT = macosx;
			};
			name = Release;
		};
		5F1C74391A4CA32B00C79613 /* Debug */ = {
			isa = XCBuildConfiguration;
			buildSettings = {
				ASSETCATALOG_COMPILER_APPICON_NAME = AppIcon;
				COMBINE_HIDPI_IMAGES = YES;
				INFOPLIST_FILE = "DS4 Tool/Info.plist";
				LD_RUNPATH_SEARCH_PATHS = "$(inherited) @executable_path/../Frameworks";
				PRODUCT_NAME = "$(TARGET_NAME)";
			};
			name = Debug;
		};
		5F1C743A1A4CA32B00C79613 /* Release */ = {
			isa = XCBuildConfiguration;
			buildSettings = {
				ASSETCATALOG_COMPILER_APPICON_NAME = AppIcon;
				COMBINE_HIDPI_IMAGES = YES;
				INFOPLIST_FILE = "DS4 Tool/Info.plist";
				LD_RUNPATH_SEARCH_PATHS = "$(inherited) @executable_path/../Frameworks";
				PRODUCT_NAME = "$(TARGET_NAME)";
			};
			name = Release;
		};
		5F1C743C1A4CA32B00C79613 /* Debug */ = {
			isa = XCBuildConfiguration;
			buildSettings = {
				BUNDLE_LOADER = "$(TEST_HOST)";
				COMBINE_HIDPI_IMAGES = YES;
				FRAMEWORK_SEARCH_PATHS = (
					"$(DEVELOPER_FRAMEWORKS_DIR)",
					"$(inherited)",
				);
				GCC_PREPROCESSOR_DEFINITIONS = (
					"DEBUG=1",
					"$(inherited)",
				);
				INFOPLIST_FILE = "DS4 ToolTests/Info.plist";
				LD_RUNPATH_SEARCH_PATHS = "$(inherited) @executable_path/../Frameworks @loader_path/../Frameworks";
				PRODUCT_NAME = "$(TARGET_NAME)";
				TEST_HOST = "$(BUILT_PRODUCTS_DIR)/DS4 Tool.app/Contents/MacOS/DS4 Tool";
			};
			name = Debug;
		};
		5F1C743D1A4CA32B00C79613 /* Release */ = {
			isa = XCBuildConfiguration;
			buildSettings = {
				BUNDLE_LOADER = "$(TEST_HOST)";
				COMBINE_HIDPI_IMAGES = YES;
				FRAMEWORK_SEARCH_PATHS = (
					"$(DEVELOPER_FRAMEWORKS_DIR)",
					"$(inherited)",
				);
				INFOPLIST_FILE = "DS4 ToolTests/Info.plist";
				LD_RUNPATH_SEARCH_PATHS = "$(inherited) @executable_path/../Frameworks @loader_path/../Frameworks";
				PRODUCT_NAME = "$(TARGET_NAME)";
				TEST_HOST = "$(BUILT_PRODUCTS_DIR)/DS4 Tool.app/Contents/MacOS/DS4 Tool";
			};
			name = Release;
		};
/* End XCBuildConfiguration section */

/* Begin XCConfigurationList section */
		5F1C74161A4CA32A00C79613 /* Build configuration list for PBXProject "DS4 Tool" */ = {
			isa = XCConfigurationList;
			buildConfigurations = (
				5F1C74361A4CA32B00C79613 /* Debug */,
				5F1C74371A4CA32B00C79613 /* Release */,
			);
			defaultConfigurationIsVisible = 0;
			defaultConfigurationName = Release;
		};
		5F1C74381A4CA32B00C79613 /* Build configuration list for PBXNativeTarget "DS4 Tool" */ = {
			isa = XCConfigurationList;
			buildConfigurations = (
				5F1C74391A4CA32B00C79613 /* Debug */,
				5F1C743A1A4CA32B00C79613 /* Release */,
			);
			defaultConfigurationIsVisible = 0;
		};
		5F1C743B1A4CA32B00C79613 /* Build configuration list for PBXNativeTarget "DS4 ToolTests" */ = {
			isa = XCConfigurationList;
			buildConfigurations = (
				5F1C743C1A4CA32B00C79613 /* Debug */,
				5F1C743D1A4CA32B00C79613 /* Release */,
			);
			defaultConfigurationIsVisible = 0;
		};
/* End XCConfigurationList section */
	};
	rootObject = 5F1C74131A4CA32A00C79613 /* Project object */;
}
